# This file is autogenerated, do not edit; changes may be undone by the next 'dep ensure'.


[[projects]]
  branch = "master"
  name = "github.com/bitrise-io/go-utils"
  packages = [
    "colorstring",
    "command",
    "errorutil",
    "log",
    "pathutil"
  ]
  revision = "b33f6bcef9b50045d7e62364b354584afc3ee329"

[[projects]]
  branch = "master"
  name = "github.com/bitrise-tools/go-steputils"
  packages = ["tools"]
  revision = "b0e1079aa921440413a5c56f301246fe8367c072"

[solve-meta]
  analyzer-name = "dep"
  analyzer-version = 1
  inputs-digest = "b91fbf564114f1896e93fdec7f75eb9d052eae587bc889cf98c7eed85eb33b9c"
  solver-name = "gps-cdcl"
  solver-version = 1
